// !$*UTF8*$!
{
	archiveVersion = 1;
	classes = {
	};
	objectVersion = 56;
	objects = {

/* Begin PBXBuildFile section */
		B1849DB32B029C2100CF4DB7 /* AppDelegate.swift in Sources */ = {isa = PBXBuildFile; fileRef = B1849DB22B029C2100CF4DB7 /* AppDelegate.swift */; };
		B1849DB52B029C2100CF4DB7 /* SceneDelegate.swift in Sources */ = {isa = PBXBuildFile; fileRef = B1849DB42B029C2100CF4DB7 /* SceneDelegate.swift */; };
		B1849DB72B029C2100CF4DB7 /* SecondViewController.swift in Sources */ = {isa = PBXBuildFile; fileRef = B1849DB62B029C2100CF4DB7 /* SecondViewController.swift */; };
		B1849DBC2B029C2100CF4DB7 /* Assets.xcassets in Resources */ = {isa = PBXBuildFile; fileRef = B1849DBB2B029C2100CF4DB7 /* Assets.xcassets */; };
		B1849DBF2B029C2100CF4DB7 /* LaunchScreen.storyboard in Resources */ = {isa = PBXBuildFile; fileRef = B1849DBD2B029C2100CF4DB7 /* LaunchScreen.storyboard */; };
		B1849DC72B02A45F00CF4DB7 /* FirstViewController.swift in Sources */ = {isa = PBXBuildFile; fileRef = B1849DC62B02A45F00CF4DB7 /* FirstViewController.swift */; };
		B1849DC92B02AD9200CF4DB7 /* FirstToSecondNaviButton.swift in Sources */ = {isa = PBXBuildFile; fileRef = B1849DC82B02AD9200CF4DB7 /* FirstToSecondNaviButton.swift */; };
		B1A675112B03072400F5D02D /* roofi.png in Resources */ = {isa = PBXBuildFile; fileRef = B1A675102B03072400F5D02D /* roofi.png */; };
		B1A675152B035DE500F5D02D /* ThirdViewController.swift in Sources */ = {isa = PBXBuildFile; fileRef = B1A675142B035DE500F5D02D /* ThirdViewController.swift */; };
		B1A675182B03689D00F5D02D /* PracticeTableViewController.swift in Sources */ = {isa = PBXBuildFile; fileRef = B1A675172B03689D00F5D02D /* PracticeTableViewController.swift */; };
/* End PBXBuildFile section */

/* Begin PBXFileReference section */
		B1849DAF2B029C2100CF4DB7 /* CodeBasePractice.app */ = {isa = PBXFileReference; explicitFileType = wrapper.application; includeInIndex = 0; path = CodeBasePractice.app; sourceTree = BUILT_PRODUCTS_DIR; };
		B1849DB22B029C2100CF4DB7 /* AppDelegate.swift */ = {isa = PBXFileReference; lastKnownFileType = sourcecode.swift; path = AppDelegate.swift; sourceTree = "<group>"; };
		B1849DB42B029C2100CF4DB7 /* SceneDelegate.swift */ = {isa = PBXFileReference; lastKnownFileType = sourcecode.swift; path = SceneDelegate.swift; sourceTree = "<group>"; };
		B1849DB62B029C2100CF4DB7 /* SecondViewController.swift */ = {isa = PBXFileReference; lastKnownFileType = sourcecode.swift; path = SecondViewController.swift; sourceTree = "<group>"; };
		B1849DBB2B029C2100CF4DB7 /* Assets.xcassets */ = {isa = PBXFileReference; lastKnownFileType = folder.assetcatalog; path = Assets.xcassets; sourceTree = "<group>"; };
		B1849DBE2B029C2100CF4DB7 /* Base */ = {isa = PBXFileReference; lastKnownFileType = file.storyboard; name = Base; path = Base.lproj/LaunchScreen.storyboard; sourceTree = "<group>"; };
		B1849DC02B029C2100CF4DB7 /* Info.plist */ = {isa = PBXFileReference; lastKnownFileType = text.plist.xml; path = Info.plist; sourceTree = "<group>"; };
		B1849DC62B02A45F00CF4DB7 /* FirstViewController.swift */ = {isa = PBXFileReference; lastKnownFileType = sourcecode.swift; path = FirstViewController.swift; sourceTree = "<group>"; };
		B1849DC82B02AD9200CF4DB7 /* FirstToSecondNaviButton.swift */ = {isa = PBXFileReference; lastKnownFileType = sourcecode.swift; path = FirstToSecondNaviButton.swift; sourceTree = "<group>"; };
		B1A6750C2B03029900F5D02D /* PracCollectionViewController.swift */ = {isa = PBXFileReference; lastKnownFileType = sourcecode.swift; path = PracCollectionViewController.swift; sourceTree = "<group>"; };
		B1A6750E2B03046800F5D02D /* PracCollectionViewCell.swift */ = {isa = PBXFileReference; lastKnownFileType = sourcecode.swift; path = PracCollectionViewCell.swift; sourceTree = "<group>"; };
		B1A675102B03072400F5D02D /* roofi.png */ = {isa = PBXFileReference; lastKnownFileType = image.png; path = roofi.png; sourceTree = "<group>"; };
		B1A675142B035DE500F5D02D /* ThirdViewController.swift */ = {isa = PBXFileReference; lastKnownFileType = sourcecode.swift; path = ThirdViewController.swift; sourceTree = "<group>"; };
		B1A675172B03689D00F5D02D /* PracticeTableViewController.swift */ = {isa = PBXFileReference; lastKnownFileType = sourcecode.swift; path = PracticeTableViewController.swift; sourceTree = "<group>"; };
/* End PBXFileReference section */

/* Begin PBXFrameworksBuildPhase section */
		B1849DAC2B029C2100CF4DB7 /* Frameworks */ = {
			isa = PBXFrameworksBuildPhase;
			buildActionMask = 2147483647;
			files = (
			);
			runOnlyForDeploymentPostprocessing = 0;
		};
/* End PBXFrameworksBuildPhase section */

/* Begin PBXGroup section */
		B1849DA62B029C2100CF4DB7 = {
			isa = PBXGroup;
			children = (
				B1849DB12B029C2100CF4DB7 /* CodeBasePractice */,
				B1849DB02B029C2100CF4DB7 /* Products */,
			);
			sourceTree = "<group>";
		};
		B1849DB02B029C2100CF4DB7 /* Products */ = {
			isa = PBXGroup;
			children = (
				B1849DAF2B029C2100CF4DB7 /* CodeBasePractice.app */,
			);
			name = Products;
			sourceTree = "<group>";
		};
		B1849DB12B029C2100CF4DB7 /* CodeBasePractice */ = {
			isa = PBXGroup;
			children = (
				B1A675162B0361D500F5D02D /* New Group */,
				B1849DB22B029C2100CF4DB7 /* AppDelegate.swift */,
				B1849DB42B029C2100CF4DB7 /* SceneDelegate.swift */,
				B1849DC62B02A45F00CF4DB7 /* FirstViewController.swift */,
				B1849DC82B02AD9200CF4DB7 /* FirstToSecondNaviButton.swift */,
				B1849DB62B029C2100CF4DB7 /* SecondViewController.swift */,
				B1A675142B035DE500F5D02D /* ThirdViewController.swift */,
				B1A6750C2B03029900F5D02D /* PracCollectionViewController.swift */,
				B1A6750E2B03046800F5D02D /* PracCollectionViewCell.swift */,
				B1A675172B03689D00F5D02D /* PracticeTableViewController.swift */,
				B1849DBB2B029C2100CF4DB7 /* Assets.xcassets */,
				B1A675102B03072400F5D02D /* roofi.png */,
				B1849DBD2B029C2100CF4DB7 /* LaunchScreen.storyboard */,
				B1849DC02B029C2100CF4DB7 /* Info.plist */,
			);
			path = CodeBasePractice;
			sourceTree = "<group>";
		};
		B1A675162B0361D500F5D02D /* New Group */ = {
			isa = PBXGroup;
			children = (
			);
			path = "New Group";
			sourceTree = "<group>";
		};
/* End PBXGroup section */

/* Begin PBXNativeTarget section */
		B1849DAE2B029C2100CF4DB7 /* CodeBasePractice */ = {
			isa = PBXNativeTarget;
			buildConfigurationList = B1849DC32B029C2100CF4DB7 /* Build configuration list for PBXNativeTarget "CodeBasePractice" */;
			buildPhases = (
				B1849DAB2B029C2100CF4DB7 /* Sources */,
				B1849DAC2B029C2100CF4DB7 /* Frameworks */,
				B1849DAD2B029C2100CF4DB7 /* Resources */,
			);
			buildRules = (
			);
			dependencies = (
			);
			name = CodeBasePractice;
			productName = CodeBasePractice;
			productReference = B1849DAF2B029C2100CF4DB7 /* CodeBasePractice.app */;
			productType = "com.apple.product-type.application";
		};
/* End PBXNativeTarget section */

/* Begin PBXProject section */
		B1849DA72B029C2100CF4DB7 /* Project object */ = {
			isa = PBXProject;
			attributes = {
				BuildIndependentTargetsInParallel = 1;
				LastSwiftUpdateCheck = 1500;
				LastUpgradeCheck = 1500;
				TargetAttributes = {
					B1849DAE2B029C2100CF4DB7 = {
						CreatedOnToolsVersion = 15.0;
					};
				};
			};
			buildConfigurationList = B1849DAA2B029C2100CF4DB7 /* Build configuration list for PBXProject "CodeBasePractice" */;
			compatibilityVersion = "Xcode 14.0";
			developmentRegion = en;
			hasScannedForEncodings = 0;
			knownRegions = (
				en,
				Base,
			);
			mainGroup = B1849DA62B029C2100CF4DB7;
			productRefGroup = B1849DB02B029C2100CF4DB7 /* Products */;
			projectDirPath = "";
			projectRoot = "";
			targets = (
				B1849DAE2B029C2100CF4DB7 /* CodeBasePractice */,
			);
		};
/* End PBXProject section */

/* Begin PBXResourcesBuildPhase section */
		B1849DAD2B029C2100CF4DB7 /* Resources */ = {
			isa = PBXResourcesBuildPhase;
			buildActionMask = 2147483647;
			files = (
				B1A675112B03072400F5D02D /* roofi.png in Resources */,
				B1849DBF2B029C2100CF4DB7 /* LaunchScreen.storyboard in Resources */,
				B1849DBC2B029C2100CF4DB7 /* Assets.xcassets in Resources */,
			);
			runOnlyForDeploymentPostprocessing = 0;
		};
/* End PBXResourcesBuildPhase section */

/* Begin PBXSourcesBuildPhase section */
		B1849DAB2B029C2100CF4DB7 /* Sources */ = {
			isa = PBXSourcesBuildPhase;
			buildActionMask = 2147483647;
			files = (
				B1849DB72B029C2100CF4DB7 /* SecondViewController.swift in Sources */,
				B1849DB32B029C2100CF4DB7 /* AppDelegate.swift in Sources */,
				B1A675182B03689D00F5D02D /* PracticeTableViewController.swift in Sources */,
				B1849DC92B02AD9200CF4DB7 /* FirstToSecondNaviButton.swift in Sources */,
				B1849DB52B029C2100CF4DB7 /* SceneDelegate.swift in Sources */,
				B1A675152B035DE500F5D02D /* ThirdViewController.swift in Sources */,
				B1849DC72B02A45F00CF4DB7 /* FirstViewController.swift in Sources */,
			);
			runOnlyForDeploymentPostprocessing = 0;
		};
/* End PBXSourcesBuildPhase section */

/* Begin PBXVariantGroup section */
		B1849DBD2B029C2100CF4DB7 /* LaunchScreen.storyboard */ = {
			isa = PBXVariantGroup;
			children = (
				B1849DBE2B029C2100CF4DB7 /* Base */,
			);
			name = LaunchScreen.storyboard;
			sourceTree = "<group>";
		};
/* End PBXVariantGroup section */

/* Begin XCBuildConfiguration section */
		B1849DC12B029C2100CF4DB7 /* Debug */ = {
			isa = XCBuildConfiguration;
			buildSettings = {
				ALWAYS_SEARCH_USER_PATHS = NO;
				ASSETCATALOG_COMPILER_GENERATE_SWIFT_ASSET_SYMBOL_EXTENSIONS = YES;
				CLANG_ANALYZER_NONNULL = YES;
				CLANG_ANALYZER_NUMBER_OBJECT_CONVERSION = YES_AGGRESSIVE;
				CLANG_CXX_LANGUAGE_STANDARD = "gnu++20";
				CLANG_ENABLE_MODULES = YES;
				CLANG_ENABLE_OBJC_ARC = YES;
				CLANG_ENABLE_OBJC_WEAK = YES;
				CLANG_WARN_BLOCK_CAPTURE_AUTORELEASING = YES;
				CLANG_WARN_BOOL_CONVERSION = YES;
				CLANG_WARN_COMMA = YES;
				CLANG_WARN_CONSTANT_CONVERSION = YES;
				CLANG_WARN_DEPRECATED_OBJC_IMPLEMENTATIONS = YES;
				CLANG_WARN_DIRECT_OBJC_ISA_USAGE = YES_ERROR;
				CLANG_WARN_DOCUMENTATION_COMMENTS = YES;
				CLANG_WARN_EMPTY_BODY = YES;
				CLANG_WARN_ENUM_CONVERSION = YES;
				CLANG_WARN_INFINITE_RECURSION = YES;
				CLANG_WARN_INT_CONVERSION = YES;
				CLANG_WARN_NON_LITERAL_NULL_CONVERSION = YES;
				CLANG_WARN_OBJC_IMPLICIT_RETAIN_SELF = YES;
				CLANG_WARN_OBJC_LITERAL_CONVERSION = YES;
				CLANG_WARN_OBJC_ROOT_CLASS = YES_ERROR;
				CLANG_WARN_QUOTED_INCLUDE_IN_FRAMEWORK_HEADER = YES;
				CLANG_WARN_RANGE_LOOP_ANALYSIS = YES;
				CLANG_WARN_STRICT_PROTOTYPES = YES;
				CLANG_WARN_SUSPICIOUS_MOVE = YES;
				CLANG_WARN_UNGUARDED_AVAILABILITY = YES_AGGRESSIVE;
				CLANG_WARN_UNREACHABLE_CODE = YES;
				CLANG_WARN__DUPLICATE_METHOD_MATCH = YES;
				COPY_PHASE_STRIP = NO;
				DEBUG_INFORMATION_FORMAT = dwarf;
				ENABLE_STRICT_OBJC_MSGSEND = YES;
				ENABLE_TESTABILITY = YES;
				ENABLE_USER_SCRIPT_SANDBOXING = YES;
				GCC_C_LANGUAGE_STANDARD = gnu17;
				GCC_DYNAMIC_NO_PIC = NO;
				GCC_NO_COMMON_BLOCKS = YES;
				GCC_OPTIMIZATION_LEVEL = 0;
				GCC_PREPROCESSOR_DEFINITIONS = (
					"DEBUG=1",
					"$(inherited)",
				);
				GCC_WARN_64_TO_32_BIT_CONVERSION = YES;
				GCC_WARN_ABOUT_RETURN_TYPE = YES_ERROR;
				GCC_WARN_UNDECLARED_SELECTOR = YES;
				GCC_WARN_UNINITIALIZED_AUTOS = YES_AGGRESSIVE;
				GCC_WARN_UNUSED_FUNCTION = YES;
				GCC_WARN_UNUSED_VARIABLE = YES;
				IPHONEOS_DEPLOYMENT_TARGET = 17.0;
				LOCALIZATION_PREFERS_STRING_CATALOGS = YES;
				MTL_ENABLE_DEBUG_INFO = INCLUDE_SOURCE;
				MTL_FAST_MATH = YES;
				ONLY_ACTIVE_ARCH = YES;
				SDKROOT = iphoneos;
				SWIFT_ACTIVE_COMPILATION_CONDITIONS = "DEBUG $(inherited)";
				SWIFT_OPTIMIZATION_LEVEL = "-Onone";
			};
			name = Debug;
		};
		B1849DC22B029C2100CF4DB7 /* Release */ = {
			isa = XCBuildConfiguration;
			buildSettings = {
				ALWAYS_SEARCH_USER_PATHS = NO;
				ASSETCATALOG_COMPILER_GENERATE_SWIFT_ASSET_SYMBOL_EXTENSIONS = YES;
				CLANG_ANALYZER_NONNULL = YES;
				CLANG_ANALYZER_NUMBER_OBJECT_CONVERSION = YES_AGGRESSIVE;
				CLANG_CXX_LANGUAGE_STANDARD = "gnu++20";
				CLANG_ENABLE_MODULES = YES;
				CLANG_ENABLE_OBJC_ARC = YES;
				CLANG_ENABLE_OBJC_WEAK = YES;
				CLANG_WARN_BLOCK_CAPTURE_AUTORELEASING = YES;
				CLANG_WARN_BOOL_CONVERSION = YES;
				CLANG_WARN_COMMA = YES;
				CLANG_WARN_CONSTANT_CONVERSION = YES;
				CLANG_WARN_DEPRECATED_OBJC_IMPLEMENTATIONS = YES;
				CLANG_WARN_DIRECT_OBJC_ISA_USAGE = YES_ERROR;
				CLANG_WARN_DOCUMENTATION_COMMENTS = YES;
				CLANG_WARN_EMPTY_BODY = YES;
				CLANG_WARN_ENUM_CONVERSION = YES;
				CLANG_WARN_INFINITE_RECURSION = YES;
				CLANG_WARN_INT_CONVERSION = YES;
				CLANG_WARN_NON_LITERAL_NULL_CONVERSION = YES;
				CLANG_WARN_OBJC_IMPLICIT_RETAIN_SELF = YES;
				CLANG_WARN_OBJC_LITERAL_CONVERSION = YES;
				CLANG_WARN_OBJC_ROOT_CLASS = YES_ERROR;
				CLANG_WARN_QUOTED_INCLUDE_IN_FRAMEWORK_HEADER = YES;
				CLANG_WARN_RANGE_LOOP_ANALYSIS = YES;
				CLANG_WARN_STRICT_PROTOTYPES = YES;
				CLANG_WARN_SUSPICIOUS_MOVE = YES;
				CLANG_WARN_UNGUARDED_AVAILABILITY = YES_AGGRESSIVE;
				CLANG_WARN_UNREACHABLE_CODE = YES;
				CLANG_WARN__DUPLICATE_METHOD_MATCH = YES;
				COPY_PHASE_STRIP = NO;
				DEBUG_INFORMATION_FORMAT = "dwarf-with-dsym";
				ENABLE_NS_ASSERTIONS = NO;
				ENABLE_STRICT_OBJC_MSGSEND = YES;
				ENABLE_USER_SCRIPT_SANDBOXING = YES;
				GCC_C_LANGUAGE_STANDARD = gnu17;
				GCC_NO_COMMON_BLOCKS = YES;
				GCC_WARN_64_TO_32_BIT_CONVERSION = YES;
				GCC_WARN_ABOUT_RETURN_TYPE = YES_ERROR;
				GCC_WARN_UNDECLARED_SELECTOR = YES;
				GCC_WARN_UNINITIALIZED_AUTOS = YES_AGGRESSIVE;
				GCC_WARN_UNUSED_FUNCTION = YES;
				GCC_WARN_UNUSED_VARIABLE = YES;
				IPHONEOS_DEPLOYMENT_TARGET = 17.0;
				LOCALIZATION_PREFERS_STRING_CATALOGS = YES;
				MTL_ENABLE_DEBUG_INFO = NO;
				MTL_FAST_MATH = YES;
				SDKROOT = iphoneos;
				SWIFT_COMPILATION_MODE = wholemodule;
				VALIDATE_PRODUCT = YES;
			};
			name = Release;
		};
		B1849DC42B029C2100CF4DB7 /* Debug */ = {
			isa = XCBuildConfiguration;
			buildSettings = {
				ASSETCATALOG_COMPILER_APPICON_NAME = AppIcon;
				ASSETCATALOG_COMPILER_GLOBAL_ACCENT_COLOR_NAME = AccentColor;
				CODE_SIGN_STYLE = Automatic;
				CURRENT_PROJECT_VERSION = 1;
				GENERATE_INFOPLIST_FILE = YES;
				INFOPLIST_FILE = CodeBasePractice/Info.plist;
				INFOPLIST_KEY_UIApplicationSupportsIndirectInputEvents = YES;
				INFOPLIST_KEY_UILaunchStoryboardName = LaunchScreen;
				INFOPLIST_KEY_UISupportedInterfaceOrientations_iPad = "UIInterfaceOrientationPortrait UIInterfaceOrientationPortraitUpsideDown UIInterfaceOrientationLandscapeLeft UIInterfaceOrientationLandscapeRight";
				INFOPLIST_KEY_UISupportedInterfaceOrientations_iPhone = "UIInterfaceOrientationPortrait UIInterfaceOrientationLandscapeLeft UIInterfaceOrientationLandscapeRight";
				LD_RUNPATH_SEARCH_PATHS = (
					"$(inherited)",
					"@executable_path/Frameworks",
				);
				MARKETING_VERSION = 1.0;
				PRODUCT_BUNDLE_IDENTIFIER = com.sh.CodeBasePractice;
				PRODUCT_NAME = "$(TARGET_NAME)";
				SWIFT_EMIT_LOC_STRINGS = YES;
				SWIFT_VERSION = 5.0;
				TARGETED_DEVICE_FAMILY = "1,2";
			};
			name = Debug;
		};
		B1849DC52B029C2100CF4DB7 /* Release */ = {
			isa = XCBuildConfiguration;
			buildSettings = {
				ASSETCATALOG_COMPILER_APPICON_NAME = AppIcon;
				ASSETCATALOG_COMPILER_GLOBAL_ACCENT_COLOR_NAME = AccentColor;
				CODE_SIGN_STYLE = Automatic;
				CURRENT_PROJECT_VERSION = 1;
				GENERATE_INFOPLIST_FILE = YES;
				INFOPLIST_FILE = CodeBasePractice/Info.plist;
				INFOPLIST_KEY_UIApplicationSupportsIndirectInputEvents = YES;
				INFOPLIST_KEY_UILaunchStoryboardName = LaunchScreen;
				INFOPLIST_KEY_UISupportedInterfaceOrientations_iPad = "UIInterfaceOrientationPortrait UIInterfaceOrientationPortraitUpsideDown UIInterfaceOrientationLandscapeLeft UIInterfaceOrientationLandscapeRight";
				INFOPLIST_KEY_UISupportedInterfaceOrientations_iPhone = "UIInterfaceOrientationPortrait UIInterfaceOrientationLandscapeLeft UIInterfaceOrientationLandscapeRight";
				LD_RUNPATH_SEARCH_PATHS = (
					"$(inherited)",
					"@executable_path/Frameworks",
				);
				MARKETING_VERSION = 1.0;
				PRODUCT_BUNDLE_IDENTIFIER = com.sh.CodeBasePractice;
				PRODUCT_NAME = "$(TARGET_NAME)";
				SWIFT_EMIT_LOC_STRINGS = YES;
				SWIFT_VERSION = 5.0;
				TARGETED_DEVICE_FAMILY = "1,2";
			};
			name = Release;
		};
/* End XCBuildConfiguration section */

/* Begin XCConfigurationList section */
		B1849DAA2B029C2100CF4DB7 /* Build configuration list for PBXProject "CodeBasePractice" */ = {
			isa = XCConfigurationList;
			buildConfigurations = (
				B1849DC12B029C2100CF4DB7 /* Debug */,
				B1849DC22B029C2100CF4DB7 /* Release */,
			);
			defaultConfigurationIsVisible = 0;
			defaultConfigurationName = Release;
		};
		B1849DC32B029C2100CF4DB7 /* Build configuration list for PBXNativeTarget "CodeBasePractice" */ = {
			isa = XCConfigurationList;
			buildConfigurations = (
				B1849DC42B029C2100CF4DB7 /* Debug */,
				B1849DC52B029C2100CF4DB7 /* Release */,
			);
			defaultConfigurationIsVisible = 0;
			defaultConfigurationName = Release;
		};
/* End XCConfigurationList section */
	};
	rootObject = B1849DA72B029C2100CF4DB7 /* Project object */;
}
