// !$*UTF8*$!
{
	archiveVersion = 1;
	classes = {
	};
	objectVersion = 56;
	objects = {

/* Begin PBXBuildFile section */
		B1705AA82AF9426D00B98021 /* cornerStyle.swift in Sources */ = {isa = PBXBuildFile; fileRef = B1705AA72AF9426D00B98021 /* cornerStyle.swift */; };
		B1705AAA2AF95A1700B98021 /* Setting.storyboard in Resources */ = {isa = PBXBuildFile; fileRef = B1705AA92AF95A1700B98021 /* Setting.storyboard */; };
		B1764CEB2AEFBF390081B6F0 /* AppDelegate.swift in Sources */ = {isa = PBXBuildFile; fileRef = B1764CEA2AEFBF390081B6F0 /* AppDelegate.swift */; };
		B1764CED2AEFBF390081B6F0 /* SceneDelegate.swift in Sources */ = {isa = PBXBuildFile; fileRef = B1764CEC2AEFBF390081B6F0 /* SceneDelegate.swift */; };
		B1764CEF2AEFBF390081B6F0 /* ViewController.swift in Sources */ = {isa = PBXBuildFile; fileRef = B1764CEE2AEFBF390081B6F0 /* ViewController.swift */; };
		B1764CF22AEFBF390081B6F0 /* Main.storyboard in Resources */ = {isa = PBXBuildFile; fileRef = B1764CF02AEFBF390081B6F0 /* Main.storyboard */; };
		B1764CF42AEFBF3A0081B6F0 /* Assets.xcassets in Resources */ = {isa = PBXBuildFile; fileRef = B1764CF32AEFBF3A0081B6F0 /* Assets.xcassets */; };
		B17E71BE2AFA2D2900E1B079 /* CollectionViewCell.swift in Sources */ = {isa = PBXBuildFile; fileRef = B17E71BD2AFA2D2900E1B079 /* CollectionViewCell.swift */; };
		B1D6CE962AF8D19F005367E9 /* profileTab.storyboard in Resources */ = {isa = PBXBuildFile; fileRef = B1D6CE952AF8D19F005367E9 /* profileTab.storyboard */; };
		B1D6CE9E2AF923D1005367E9 /* SavedTab.storyboard in Resources */ = {isa = PBXBuildFile; fileRef = B1D6CE9D2AF923D1005367E9 /* SavedTab.storyboard */; };
		B1D6CEA02AF923D9005367E9 /* ShopTab.storyboard in Resources */ = {isa = PBXBuildFile; fileRef = B1D6CE9F2AF923D9005367E9 /* ShopTab.storyboard */; };
		B1D6CEA22AF923E0005367E9 /* StyleTab.storyboard in Resources */ = {isa = PBXBuildFile; fileRef = B1D6CEA12AF923E0005367E9 /* StyleTab.storyboard */; };
		B1D6CEA42AF923EC005367E9 /* HomeTab.storyboard in Resources */ = {isa = PBXBuildFile; fileRef = B1D6CEA32AF923EC005367E9 /* HomeTab.storyboard */; };
		B1D6CEAB2AF92546005367E9 /* SavedTabController.swift in Sources */ = {isa = PBXBuildFile; fileRef = B1D6CEAA2AF92546005367E9 /* SavedTabController.swift */; };
		B1D6CEAD2AF92565005367E9 /* ShopTabController.swift in Sources */ = {isa = PBXBuildFile; fileRef = B1D6CEAC2AF92565005367E9 /* ShopTabController.swift */; };
		B1D6CEAF2AF92595005367E9 /* StyleTabController.swift in Sources */ = {isa = PBXBuildFile; fileRef = B1D6CEAE2AF92595005367E9 /* StyleTabController.swift */; };
		B1D6CEB12AF925B3005367E9 /* HomeTabController.swift in Sources */ = {isa = PBXBuildFile; fileRef = B1D6CEB02AF925B3005367E9 /* HomeTabController.swift */; };
		B1D6CEB32AF925D1005367E9 /* ProfileTabController.swift in Sources */ = {isa = PBXBuildFile; fileRef = B1D6CEB22AF925D1005367E9 /* ProfileTabController.swift */; };
/* End PBXBuildFile section */

/* Begin PBXFileReference section */
		B1705AA72AF9426D00B98021 /* cornerStyle.swift */ = {isa = PBXFileReference; lastKnownFileType = sourcecode.swift; path = cornerStyle.swift; sourceTree = "<group>"; };
		B1705AA92AF95A1700B98021 /* Setting.storyboard */ = {isa = PBXFileReference; lastKnownFileType = file.storyboard; path = Setting.storyboard; sourceTree = "<group>"; };
		B1764CE72AEFBF390081B6F0 /* UIKitStudy.app */ = {isa = PBXFileReference; explicitFileType = wrapper.application; includeInIndex = 0; path = UIKitStudy.app; sourceTree = BUILT_PRODUCTS_DIR; };
		B1764CEA2AEFBF390081B6F0 /* AppDelegate.swift */ = {isa = PBXFileReference; lastKnownFileType = sourcecode.swift; path = AppDelegate.swift; sourceTree = "<group>"; };
		B1764CEC2AEFBF390081B6F0 /* SceneDelegate.swift */ = {isa = PBXFileReference; lastKnownFileType = sourcecode.swift; path = SceneDelegate.swift; sourceTree = "<group>"; };
		B1764CEE2AEFBF390081B6F0 /* ViewController.swift */ = {isa = PBXFileReference; lastKnownFileType = sourcecode.swift; path = ViewController.swift; sourceTree = "<group>"; };
		B1764CF12AEFBF390081B6F0 /* Base */ = {isa = PBXFileReference; lastKnownFileType = file.storyboard; name = Base; path = Base.lproj/Main.storyboard; sourceTree = "<group>"; };
		B1764CF32AEFBF3A0081B6F0 /* Assets.xcassets */ = {isa = PBXFileReference; lastKnownFileType = folder.assetcatalog; path = Assets.xcassets; sourceTree = "<group>"; };
		B1764CF82AEFBF3A0081B6F0 /* Info.plist */ = {isa = PBXFileReference; lastKnownFileType = text.plist.xml; path = Info.plist; sourceTree = "<group>"; };
		B17E71BD2AFA2D2900E1B079 /* CollectionViewCell.swift */ = {isa = PBXFileReference; lastKnownFileType = sourcecode.swift; path = CollectionViewCell.swift; sourceTree = "<group>"; };
		B1D6CE952AF8D19F005367E9 /* profileTab.storyboard */ = {isa = PBXFileReference; lastKnownFileType = file.storyboard; path = profileTab.storyboard; sourceTree = "<group>"; };
		B1D6CE9D2AF923D1005367E9 /* SavedTab.storyboard */ = {isa = PBXFileReference; lastKnownFileType = file.storyboard; path = SavedTab.storyboard; sourceTree = "<group>"; };
		B1D6CE9F2AF923D9005367E9 /* ShopTab.storyboard */ = {isa = PBXFileReference; lastKnownFileType = file.storyboard; path = ShopTab.storyboard; sourceTree = "<group>"; };
		B1D6CEA12AF923E0005367E9 /* StyleTab.storyboard */ = {isa = PBXFileReference; lastKnownFileType = file.storyboard; path = StyleTab.storyboard; sourceTree = "<group>"; };
		B1D6CEA32AF923EC005367E9 /* HomeTab.storyboard */ = {isa = PBXFileReference; lastKnownFileType = file.storyboard; path = HomeTab.storyboard; sourceTree = "<group>"; };
		B1D6CEAA2AF92546005367E9 /* SavedTabController.swift */ = {isa = PBXFileReference; lastKnownFileType = sourcecode.swift; path = SavedTabController.swift; sourceTree = "<group>"; };
		B1D6CEAC2AF92565005367E9 /* ShopTabController.swift */ = {isa = PBXFileReference; lastKnownFileType = sourcecode.swift; path = ShopTabController.swift; sourceTree = "<group>"; };
		B1D6CEAE2AF92595005367E9 /* StyleTabController.swift */ = {isa = PBXFileReference; lastKnownFileType = sourcecode.swift; path = StyleTabController.swift; sourceTree = "<group>"; };
		B1D6CEB02AF925B3005367E9 /* HomeTabController.swift */ = {isa = PBXFileReference; lastKnownFileType = sourcecode.swift; path = HomeTabController.swift; sourceTree = "<group>"; };
		B1D6CEB22AF925D1005367E9 /* ProfileTabController.swift */ = {isa = PBXFileReference; lastKnownFileType = sourcecode.swift; path = ProfileTabController.swift; sourceTree = "<group>"; };
/* End PBXFileReference section */

/* Begin PBXFrameworksBuildPhase section */
		B1764CE42AEFBF390081B6F0 /* Frameworks */ = {
			isa = PBXFrameworksBuildPhase;
			buildActionMask = 2147483647;
			files = (
			);
			runOnlyForDeploymentPostprocessing = 0;
		};
/* End PBXFrameworksBuildPhase section */

/* Begin PBXGroup section */
		B1764CDE2AEFBF390081B6F0 = {
			isa = PBXGroup;
			children = (
				B1764CE92AEFBF390081B6F0 /* UIKitStudy */,
				B1764CE82AEFBF390081B6F0 /* Products */,
			);
			sourceTree = "<group>";
		};
		B1764CE82AEFBF390081B6F0 /* Products */ = {
			isa = PBXGroup;
			children = (
				B1764CE72AEFBF390081B6F0 /* UIKitStudy.app */,
			);
			name = Products;
			sourceTree = "<group>";
		};
		B1764CE92AEFBF390081B6F0 /* UIKitStudy */ = {
			isa = PBXGroup;
			children = (
				B1705AA72AF9426D00B98021 /* cornerStyle.swift */,
				B1D6CE942AF8D17A005367E9 /* TabBarPractice */,
				B1764CEA2AEFBF390081B6F0 /* AppDelegate.swift */,
				B1764CEC2AEFBF390081B6F0 /* SceneDelegate.swift */,
				B1764CEE2AEFBF390081B6F0 /* ViewController.swift */,
				B1764CF02AEFBF390081B6F0 /* Main.storyboard */,
				B1764CF32AEFBF3A0081B6F0 /* Assets.xcassets */,
				B1764CF82AEFBF3A0081B6F0 /* Info.plist */,
			);
			path = UIKitStudy;
			sourceTree = "<group>";
		};
		B1D6CE942AF8D17A005367E9 /* TabBarPractice */ = {
			isa = PBXGroup;
			children = (
				B1D6CE9C2AF923BB005367E9 /* SavedTab */,
				B1D6CE9B2AF923B4005367E9 /* ShopTab */,
				B1D6CE9A2AF923A5005367E9 /* StyleTab */,
				B1D6CE982AF9237D005367E9 /* HomeTab */,
				B1D6CE972AF9236E005367E9 /* profileTab */,
			);
			path = TabBarPractice;
			sourceTree = "<group>";
		};
		B1D6CE972AF9236E005367E9 /* profileTab */ = {
			isa = PBXGroup;
			children = (
				B1705AA92AF95A1700B98021 /* Setting.storyboard */,
				B1D6CE952AF8D19F005367E9 /* profileTab.storyboard */,
				B1D6CEB22AF925D1005367E9 /* ProfileTabController.swift */,
			);
			path = profileTab;
			sourceTree = "<group>";
		};
		B1D6CE982AF9237D005367E9 /* HomeTab */ = {
			isa = PBXGroup;
			children = (
				B1D6CEA32AF923EC005367E9 /* HomeTab.storyboard */,
				B1D6CEB02AF925B3005367E9 /* HomeTabController.swift */,
			);
			path = HomeTab;
			sourceTree = "<group>";
		};
		B1D6CE9A2AF923A5005367E9 /* StyleTab */ = {
			isa = PBXGroup;
			children = (
				B1D6CEA12AF923E0005367E9 /* StyleTab.storyboard */,
				B1D6CEAE2AF92595005367E9 /* StyleTabController.swift */,
			);
			path = StyleTab;
			sourceTree = "<group>";
		};
		B1D6CE9B2AF923B4005367E9 /* ShopTab */ = {
			isa = PBXGroup;
			children = (
				B1D6CE9F2AF923D9005367E9 /* ShopTab.storyboard */,
				B1D6CEAC2AF92565005367E9 /* ShopTabController.swift */,
				B17E71BD2AFA2D2900E1B079 /* CollectionViewCell.swift */,
			);
			path = ShopTab;
			sourceTree = "<group>";
		};
		B1D6CE9C2AF923BB005367E9 /* SavedTab */ = {
			isa = PBXGroup;
			children = (
				B1D6CE9D2AF923D1005367E9 /* SavedTab.storyboard */,
				B1D6CEAA2AF92546005367E9 /* SavedTabController.swift */,
			);
			path = SavedTab;
			sourceTree = "<group>";
		};
/* End PBXGroup section */

/* Begin PBXNativeTarget section */
		B1764CE62AEFBF390081B6F0 /* UIKitStudy */ = {
			isa = PBXNativeTarget;
			buildConfigurationList = B1764CFB2AEFBF3A0081B6F0 /* Build configuration list for PBXNativeTarget "UIKitStudy" */;
			buildPhases = (
				B1764CE32AEFBF390081B6F0 /* Sources */,
				B1764CE42AEFBF390081B6F0 /* Frameworks */,
				B1764CE52AEFBF390081B6F0 /* Resources */,
			);
			buildRules = (
			);
			dependencies = (
			);
			name = UIKitStudy;
			productName = UIKitStudy;
			productReference = B1764CE72AEFBF390081B6F0 /* UIKitStudy.app */;
			productType = "com.apple.product-type.application";
		};
/* End PBXNativeTarget section */

/* Begin PBXProject section */
		B1764CDF2AEFBF390081B6F0 /* Project object */ = {
			isa = PBXProject;
			attributes = {
				BuildIndependentTargetsInParallel = 1;
				LastSwiftUpdateCheck = 1500;
				LastUpgradeCheck = 1500;
				TargetAttributes = {
					B1764CE62AEFBF390081B6F0 = {
						CreatedOnToolsVersion = 15.0;
					};
				};
			};
			buildConfigurationList = B1764CE22AEFBF390081B6F0 /* Build configuration list for PBXProject "UIKitStudy" */;
			compatibilityVersion = "Xcode 14.0";
			developmentRegion = en;
			hasScannedForEncodings = 0;
			knownRegions = (
				en,
				Base,
			);
			mainGroup = B1764CDE2AEFBF390081B6F0;
			productRefGroup = B1764CE82AEFBF390081B6F0 /* Products */;
			projectDirPath = "";
			projectRoot = "";
			targets = (
				B1764CE62AEFBF390081B6F0 /* UIKitStudy */,
			);
		};
/* End PBXProject section */

/* Begin PBXResourcesBuildPhase section */
		B1764CE52AEFBF390081B6F0 /* Resources */ = {
			isa = PBXResourcesBuildPhase;
			buildActionMask = 2147483647;
			files = (
				B1D6CE9E2AF923D1005367E9 /* SavedTab.storyboard in Resources */,
				B1D6CE962AF8D19F005367E9 /* profileTab.storyboard in Resources */,
				B1D6CEA42AF923EC005367E9 /* HomeTab.storyboard in Resources */,
				B1764CF42AEFBF3A0081B6F0 /* Assets.xcassets in Resources */,
				B1764CF22AEFBF390081B6F0 /* Main.storyboard in Resources */,
				B1D6CEA22AF923E0005367E9 /* StyleTab.storyboard in Resources */,
				B1D6CEA02AF923D9005367E9 /* ShopTab.storyboard in Resources */,
				B1705AAA2AF95A1700B98021 /* Setting.storyboard in Resources */,
			);
			runOnlyForDeploymentPostprocessing = 0;
		};
/* End PBXResourcesBuildPhase section */

/* Begin PBXSourcesBuildPhase section */
		B1764CE32AEFBF390081B6F0 /* Sources */ = {
			isa = PBXSourcesBuildPhase;
			buildActionMask = 2147483647;
			files = (
				B17E71BE2AFA2D2900E1B079 /* CollectionViewCell.swift in Sources */,
				B1764CEF2AEFBF390081B6F0 /* ViewController.swift in Sources */,
				B1D6CEAB2AF92546005367E9 /* SavedTabController.swift in Sources */,
				B1D6CEAD2AF92565005367E9 /* ShopTabController.swift in Sources */,
				B1705AA82AF9426D00B98021 /* cornerStyle.swift in Sources */,
				B1D6CEAF2AF92595005367E9 /* StyleTabController.swift in Sources */,
				B1764CEB2AEFBF390081B6F0 /* AppDelegate.swift in Sources */,
				B1D6CEB12AF925B3005367E9 /* HomeTabController.swift in Sources */,
				B1D6CEB32AF925D1005367E9 /* ProfileTabController.swift in Sources */,
				B1764CED2AEFBF390081B6F0 /* SceneDelegate.swift in Sources */,
			);
			runOnlyForDeploymentPostprocessing = 0;
		};
/* End PBXSourcesBuildPhase section */

/* Begin PBXVariantGroup section */
		B1764CF02AEFBF390081B6F0 /* Main.storyboard */ = {
			isa = PBXVariantGroup;
			children = (
				B1764CF12AEFBF390081B6F0 /* Base */,
			);
			name = Main.storyboard;
			sourceTree = "<group>";
		};
/* End PBXVariantGroup section */

/* Begin XCBuildConfiguration section */
		B1764CF92AEFBF3A0081B6F0 /* Debug */ = {
			isa = XCBuildConfiguration;
			buildSettings = {
				ALWAYS_SEARCH_USER_PATHS = NO;
				ASSETCATALOG_COMPILER_GENERATE_SWIFT_ASSET_SYMBOL_EXTENSIONS = YES;
				CLANG_ANALYZER_NONNULL = YES;
				CLANG_ANALYZER_NUMBER_OBJECT_CONVERSION = YES_AGGRESSIVE;
				CLANG_CXX_LANGUAGE_STANDARD = "gnu++20";
				CLANG_ENABLE_MODULES = YES;
				CLANG_ENABLE_OBJC_ARC = YES;
				CLANG_ENABLE_OBJC_WEAK = YES;
				CLANG_WARN_BLOCK_CAPTURE_AUTORELEASING = YES;
				CLANG_WARN_BOOL_CONVERSION = YES;
				CLANG_WARN_COMMA = YES;
				CLANG_WARN_CONSTANT_CONVERSION = YES;
				CLANG_WARN_DEPRECATED_OBJC_IMPLEMENTATIONS = YES;
				CLANG_WARN_DIRECT_OBJC_ISA_USAGE = YES_ERROR;
				CLANG_WARN_DOCUMENTATION_COMMENTS = YES;
				CLANG_WARN_EMPTY_BODY = YES;
				CLANG_WARN_ENUM_CONVERSION = YES;
				CLANG_WARN_INFINITE_RECURSION = YES;
				CLANG_WARN_INT_CONVERSION = YES;
				CLANG_WARN_NON_LITERAL_NULL_CONVERSION = YES;
				CLANG_WARN_OBJC_IMPLICIT_RETAIN_SELF = YES;
				CLANG_WARN_OBJC_LITERAL_CONVERSION = YES;
				CLANG_WARN_OBJC_ROOT_CLASS = YES_ERROR;
				CLANG_WARN_QUOTED_INCLUDE_IN_FRAMEWORK_HEADER = YES;
				CLANG_WARN_RANGE_LOOP_ANALYSIS = YES;
				CLANG_WARN_STRICT_PROTOTYPES = YES;
				CLANG_WARN_SUSPICIOUS_MOVE = YES;
				CLANG_WARN_UNGUARDED_AVAILABILITY = YES_AGGRESSIVE;
				CLANG_WARN_UNREACHABLE_CODE = YES;
				CLANG_WARN__DUPLICATE_METHOD_MATCH = YES;
				COPY_PHASE_STRIP = NO;
				DEBUG_INFORMATION_FORMAT = dwarf;
				ENABLE_STRICT_OBJC_MSGSEND = YES;
				ENABLE_TESTABILITY = YES;
				ENABLE_USER_SCRIPT_SANDBOXING = YES;
				GCC_C_LANGUAGE_STANDARD = gnu17;
				GCC_DYNAMIC_NO_PIC = NO;
				GCC_NO_COMMON_BLOCKS = YES;
				GCC_OPTIMIZATION_LEVEL = 0;
				GCC_PREPROCESSOR_DEFINITIONS = (
					"DEBUG=1",
					"$(inherited)",
				);
				GCC_WARN_64_TO_32_BIT_CONVERSION = YES;
				GCC_WARN_ABOUT_RETURN_TYPE = YES_ERROR;
				GCC_WARN_UNDECLARED_SELECTOR = YES;
				GCC_WARN_UNINITIALIZED_AUTOS = YES_AGGRESSIVE;
				GCC_WARN_UNUSED_FUNCTION = YES;
				GCC_WARN_UNUSED_VARIABLE = YES;
				IPHONEOS_DEPLOYMENT_TARGET = 17.0;
				LOCALIZATION_PREFERS_STRING_CATALOGS = YES;
				MTL_ENABLE_DEBUG_INFO = INCLUDE_SOURCE;
				MTL_FAST_MATH = YES;
				ONLY_ACTIVE_ARCH = YES;
				SDKROOT = iphoneos;
				SWIFT_ACTIVE_COMPILATION_CONDITIONS = "DEBUG $(inherited)";
				SWIFT_OPTIMIZATION_LEVEL = "-Onone";
			};
			name = Debug;
		};
		B1764CFA2AEFBF3A0081B6F0 /* Release */ = {
			isa = XCBuildConfiguration;
			buildSettings = {
				ALWAYS_SEARCH_USER_PATHS = NO;
				ASSETCATALOG_COMPILER_GENERATE_SWIFT_ASSET_SYMBOL_EXTENSIONS = YES;
				CLANG_ANALYZER_NONNULL = YES;
				CLANG_ANALYZER_NUMBER_OBJECT_CONVERSION = YES_AGGRESSIVE;
				CLANG_CXX_LANGUAGE_STANDARD = "gnu++20";
				CLANG_ENABLE_MODULES = YES;
				CLANG_ENABLE_OBJC_ARC = YES;
				CLANG_ENABLE_OBJC_WEAK = YES;
				CLANG_WARN_BLOCK_CAPTURE_AUTORELEASING = YES;
				CLANG_WARN_BOOL_CONVERSION = YES;
				CLANG_WARN_COMMA = YES;
				CLANG_WARN_CONSTANT_CONVERSION = YES;
				CLANG_WARN_DEPRECATED_OBJC_IMPLEMENTATIONS = YES;
				CLANG_WARN_DIRECT_OBJC_ISA_USAGE = YES_ERROR;
				CLANG_WARN_DOCUMENTATION_COMMENTS = YES;
				CLANG_WARN_EMPTY_BODY = YES;
				CLANG_WARN_ENUM_CONVERSION = YES;
				CLANG_WARN_INFINITE_RECURSION = YES;
				CLANG_WARN_INT_CONVERSION = YES;
				CLANG_WARN_NON_LITERAL_NULL_CONVERSION = YES;
				CLANG_WARN_OBJC_IMPLICIT_RETAIN_SELF = YES;
				CLANG_WARN_OBJC_LITERAL_CONVERSION = YES;
				CLANG_WARN_OBJC_ROOT_CLASS = YES_ERROR;
				CLANG_WARN_QUOTED_INCLUDE_IN_FRAMEWORK_HEADER = YES;
				CLANG_WARN_RANGE_LOOP_ANALYSIS = YES;
				CLANG_WARN_STRICT_PROTOTYPES = YES;
				CLANG_WARN_SUSPICIOUS_MOVE = YES;
				CLANG_WARN_UNGUARDED_AVAILABILITY = YES_AGGRESSIVE;
				CLANG_WARN_UNREACHABLE_CODE = YES;
				CLANG_WARN__DUPLICATE_METHOD_MATCH = YES;
				COPY_PHASE_STRIP = NO;
				DEBUG_INFORMATION_FORMAT = "dwarf-with-dsym";
				ENABLE_NS_ASSERTIONS = NO;
				ENABLE_STRICT_OBJC_MSGSEND = YES;
				ENABLE_USER_SCRIPT_SANDBOXING = YES;
				GCC_C_LANGUAGE_STANDARD = gnu17;
				GCC_NO_COMMON_BLOCKS = YES;
				GCC_WARN_64_TO_32_BIT_CONVERSION = YES;
				GCC_WARN_ABOUT_RETURN_TYPE = YES_ERROR;
				GCC_WARN_UNDECLARED_SELECTOR = YES;
				GCC_WARN_UNINITIALIZED_AUTOS = YES_AGGRESSIVE;
				GCC_WARN_UNUSED_FUNCTION = YES;
				GCC_WARN_UNUSED_VARIABLE = YES;
				IPHONEOS_DEPLOYMENT_TARGET = 17.0;
				LOCALIZATION_PREFERS_STRING_CATALOGS = YES;
				MTL_ENABLE_DEBUG_INFO = NO;
				MTL_FAST_MATH = YES;
				SDKROOT = iphoneos;
				SWIFT_COMPILATION_MODE = wholemodule;
				VALIDATE_PRODUCT = YES;
			};
			name = Release;
		};
		B1764CFC2AEFBF3A0081B6F0 /* Debug */ = {
			isa = XCBuildConfiguration;
			buildSettings = {
				ASSETCATALOG_COMPILER_APPICON_NAME = AppIcon;
				ASSETCATALOG_COMPILER_GLOBAL_ACCENT_COLOR_NAME = AccentColor;
				CODE_SIGN_STYLE = Automatic;
				CURRENT_PROJECT_VERSION = 1;
				GENERATE_INFOPLIST_FILE = YES;
				INFOPLIST_FILE = UIKitStudy/Info.plist;
				INFOPLIST_KEY_UIApplicationSupportsIndirectInputEvents = YES;
				INFOPLIST_KEY_UILaunchStoryboardName = LaunchScreen;
				INFOPLIST_KEY_UIMainStoryboardFile = Main;
				INFOPLIST_KEY_UISupportedInterfaceOrientations_iPad = "UIInterfaceOrientationPortrait UIInterfaceOrientationPortraitUpsideDown UIInterfaceOrientationLandscapeLeft UIInterfaceOrientationLandscapeRight";
				INFOPLIST_KEY_UISupportedInterfaceOrientations_iPhone = "UIInterfaceOrientationPortrait UIInterfaceOrientationLandscapeLeft UIInterfaceOrientationLandscapeRight";
				LD_RUNPATH_SEARCH_PATHS = (
					"$(inherited)",
					"@executable_path/Frameworks",
				);
				MARKETING_VERSION = 1.0;
				PRODUCT_BUNDLE_IDENTIFIER = com.sh.UIKitStudy;
				PRODUCT_NAME = "$(TARGET_NAME)";
				SWIFT_EMIT_LOC_STRINGS = YES;
				SWIFT_VERSION = 5.0;
				TARGETED_DEVICE_FAMILY = "1,2";
			};
			name = Debug;
		};
		B1764CFD2AEFBF3A0081B6F0 /* Release */ = {
			isa = XCBuildConfiguration;
			buildSettings = {
				ASSETCATALOG_COMPILER_APPICON_NAME = AppIcon;
				ASSETCATALOG_COMPILER_GLOBAL_ACCENT_COLOR_NAME = AccentColor;
				CODE_SIGN_STYLE = Automatic;
				CURRENT_PROJECT_VERSION = 1;
				GENERATE_INFOPLIST_FILE = YES;
				INFOPLIST_FILE = UIKitStudy/Info.plist;
				INFOPLIST_KEY_UIApplicationSupportsIndirectInputEvents = YES;
				INFOPLIST_KEY_UILaunchStoryboardName = LaunchScreen;
				INFOPLIST_KEY_UIMainStoryboardFile = Main;
				INFOPLIST_KEY_UISupportedInterfaceOrientations_iPad = "UIInterfaceOrientationPortrait UIInterfaceOrientationPortraitUpsideDown UIInterfaceOrientationLandscapeLeft UIInterfaceOrientationLandscapeRight";
				INFOPLIST_KEY_UISupportedInterfaceOrientations_iPhone = "UIInterfaceOrientationPortrait UIInterfaceOrientationLandscapeLeft UIInterfaceOrientationLandscapeRight";
				LD_RUNPATH_SEARCH_PATHS = (
					"$(inherited)",
					"@executable_path/Frameworks",
				);
				MARKETING_VERSION = 1.0;
				PRODUCT_BUNDLE_IDENTIFIER = com.sh.UIKitStudy;
				PRODUCT_NAME = "$(TARGET_NAME)";
				SWIFT_EMIT_LOC_STRINGS = YES;
				SWIFT_VERSION = 5.0;
				TARGETED_DEVICE_FAMILY = "1,2";
			};
			name = Release;
		};
/* End XCBuildConfiguration section */

/* Begin XCConfigurationList section */
		B1764CE22AEFBF390081B6F0 /* Build configuration list for PBXProject "UIKitStudy" */ = {
			isa = XCConfigurationList;
			buildConfigurations = (
				B1764CF92AEFBF3A0081B6F0 /* Debug */,
				B1764CFA2AEFBF3A0081B6F0 /* Release */,
			);
			defaultConfigurationIsVisible = 0;
			defaultConfigurationName = Release;
		};
		B1764CFB2AEFBF3A0081B6F0 /* Build configuration list for PBXNativeTarget "UIKitStudy" */ = {
			isa = XCConfigurationList;
			buildConfigurations = (
				B1764CFC2AEFBF3A0081B6F0 /* Debug */,
				B1764CFD2AEFBF3A0081B6F0 /* Release */,
			);
			defaultConfigurationIsVisible = 0;
			defaultConfigurationName = Release;
		};
/* End XCConfigurationList section */
	};
	rootObject = B1764CDF2AEFBF390081B6F0 /* Project object */;
}
