// !$*UTF8*$!
{
	archiveVersion = 1;
	classes = {
	};
	objectVersion = 56;
	objects = {

/* Begin PBXBuildFile section */
		B17C41012B059BF7009AA0DE /* AppDelegate.swift in Sources */ = {isa = PBXBuildFile; fileRef = B17C41002B059BF7009AA0DE /* AppDelegate.swift */; };
		B17C41032B059BF7009AA0DE /* SceneDelegate.swift in Sources */ = {isa = PBXBuildFile; fileRef = B17C41022B059BF7009AA0DE /* SceneDelegate.swift */; };
		B17C41052B059BF7009AA0DE /* ViewController.swift in Sources */ = {isa = PBXBuildFile; fileRef = B17C41042B059BF7009AA0DE /* ViewController.swift */; };
		B17C41082B059BF7009AA0DE /* Main.storyboard in Resources */ = {isa = PBXBuildFile; fileRef = B17C41062B059BF7009AA0DE /* Main.storyboard */; };
		B17C410A2B059BF8009AA0DE /* Assets.xcassets in Resources */ = {isa = PBXBuildFile; fileRef = B17C41092B059BF8009AA0DE /* Assets.xcassets */; };
		B17C410D2B059BF8009AA0DE /* LaunchScreen.storyboard in Resources */ = {isa = PBXBuildFile; fileRef = B17C410B2B059BF8009AA0DE /* LaunchScreen.storyboard */; };
		B17C41152B059DF5009AA0DE /* AttractionTableViewController.swift in Sources */ = {isa = PBXBuildFile; fileRef = B17C41142B059DF5009AA0DE /* AttractionTableViewController.swift */; };
		B17C41172B05B53D009AA0DE /* AttractionTableViewCell.swift in Sources */ = {isa = PBXBuildFile; fileRef = B17C41162B05B53D009AA0DE /* AttractionTableViewCell.swift */; };
		B17C41192B05DDBF009AA0DE /* AttractionDetailViewController.swift in Sources */ = {isa = PBXBuildFile; fileRef = B17C41182B05DDBF009AA0DE /* AttractionDetailViewController.swift */; };
/* End PBXBuildFile section */

/* Begin PBXFileReference section */
		B17C40FD2B059BF7009AA0DE /* TableStoryDemo.app */ = {isa = PBXFileReference; explicitFileType = wrapper.application; includeInIndex = 0; path = TableStoryDemo.app; sourceTree = BUILT_PRODUCTS_DIR; };
		B17C41002B059BF7009AA0DE /* AppDelegate.swift */ = {isa = PBXFileReference; lastKnownFileType = sourcecode.swift; path = AppDelegate.swift; sourceTree = "<group>"; };
		B17C41022B059BF7009AA0DE /* SceneDelegate.swift */ = {isa = PBXFileReference; lastKnownFileType = sourcecode.swift; path = SceneDelegate.swift; sourceTree = "<group>"; };
		B17C41042B059BF7009AA0DE /* ViewController.swift */ = {isa = PBXFileReference; lastKnownFileType = sourcecode.swift; path = ViewController.swift; sourceTree = "<group>"; };
		B17C41072B059BF7009AA0DE /* Base */ = {isa = PBXFileReference; lastKnownFileType = file.storyboard; name = Base; path = Base.lproj/Main.storyboard; sourceTree = "<group>"; };
		B17C41092B059BF8009AA0DE /* Assets.xcassets */ = {isa = PBXFileReference; lastKnownFileType = folder.assetcatalog; path = Assets.xcassets; sourceTree = "<group>"; };
		B17C410C2B059BF8009AA0DE /* Base */ = {isa = PBXFileReference; lastKnownFileType = file.storyboard; name = Base; path = Base.lproj/LaunchScreen.storyboard; sourceTree = "<group>"; };
		B17C410E2B059BF8009AA0DE /* Info.plist */ = {isa = PBXFileReference; lastKnownFileType = text.plist.xml; path = Info.plist; sourceTree = "<group>"; };
		B17C41142B059DF5009AA0DE /* AttractionTableViewController.swift */ = {isa = PBXFileReference; lastKnownFileType = sourcecode.swift; path = AttractionTableViewController.swift; sourceTree = "<group>"; };
		B17C41162B05B53D009AA0DE /* AttractionTableViewCell.swift */ = {isa = PBXFileReference; lastKnownFileType = sourcecode.swift; path = AttractionTableViewCell.swift; sourceTree = "<group>"; };
		B17C41182B05DDBF009AA0DE /* AttractionDetailViewController.swift */ = {isa = PBXFileReference; lastKnownFileType = sourcecode.swift; path = AttractionDetailViewController.swift; sourceTree = "<group>"; };
/* End PBXFileReference section */

/* Begin PBXFrameworksBuildPhase section */
		B17C40FA2B059BF7009AA0DE /* Frameworks */ = {
			isa = PBXFrameworksBuildPhase;
			buildActionMask = 2147483647;
			files = (
			);
			runOnlyForDeploymentPostprocessing = 0;
		};
/* End PBXFrameworksBuildPhase section */

/* Begin PBXGroup section */
		B17C40F42B059BF7009AA0DE = {
			isa = PBXGroup;
			children = (
				B17C40FF2B059BF7009AA0DE /* TableStoryDemo */,
				B17C40FE2B059BF7009AA0DE /* Products */,
			);
			sourceTree = "<group>";
		};
		B17C40FE2B059BF7009AA0DE /* Products */ = {
			isa = PBXGroup;
			children = (
				B17C40FD2B059BF7009AA0DE /* TableStoryDemo.app */,
			);
			name = Products;
			sourceTree = "<group>";
		};
		B17C40FF2B059BF7009AA0DE /* TableStoryDemo */ = {
			isa = PBXGroup;
			children = (
				B17C41002B059BF7009AA0DE /* AppDelegate.swift */,
				B17C41022B059BF7009AA0DE /* SceneDelegate.swift */,
				B17C41042B059BF7009AA0DE /* ViewController.swift */,
				B17C41142B059DF5009AA0DE /* AttractionTableViewController.swift */,
				B17C41162B05B53D009AA0DE /* AttractionTableViewCell.swift */,
				B17C41182B05DDBF009AA0DE /* AttractionDetailViewController.swift */,
				B17C41062B059BF7009AA0DE /* Main.storyboard */,
				B17C41092B059BF8009AA0DE /* Assets.xcassets */,
				B17C410B2B059BF8009AA0DE /* LaunchScreen.storyboard */,
				B17C410E2B059BF8009AA0DE /* Info.plist */,
			);
			path = TableStoryDemo;
			sourceTree = "<group>";
		};
/* End PBXGroup section */

/* Begin PBXNativeTarget section */
		B17C40FC2B059BF7009AA0DE /* TableStoryDemo */ = {
			isa = PBXNativeTarget;
			buildConfigurationList = B17C41112B059BF8009AA0DE /* Build configuration list for PBXNativeTarget "TableStoryDemo" */;
			buildPhases = (
				B17C40F92B059BF7009AA0DE /* Sources */,
				B17C40FA2B059BF7009AA0DE /* Frameworks */,
				B17C40FB2B059BF7009AA0DE /* Resources */,
			);
			buildRules = (
			);
			dependencies = (
			);
			name = TableStoryDemo;
			productName = TableStoryDemo;
			productReference = B17C40FD2B059BF7009AA0DE /* TableStoryDemo.app */;
			productType = "com.apple.product-type.application";
		};
/* End PBXNativeTarget section */

/* Begin PBXProject section */
		B17C40F52B059BF7009AA0DE /* Project object */ = {
			isa = PBXProject;
			attributes = {
				BuildIndependentTargetsInParallel = 1;
				LastSwiftUpdateCheck = 1500;
				LastUpgradeCheck = 1500;
				TargetAttributes = {
					B17C40FC2B059BF7009AA0DE = {
						CreatedOnToolsVersion = 15.0;
					};
				};
			};
			buildConfigurationList = B17C40F82B059BF7009AA0DE /* Build configuration list for PBXProject "TableStoryDemo" */;
			compatibilityVersion = "Xcode 14.0";
			developmentRegion = en;
			hasScannedForEncodings = 0;
			knownRegions = (
				en,
				Base,
			);
			mainGroup = B17C40F42B059BF7009AA0DE;
			productRefGroup = B17C40FE2B059BF7009AA0DE /* Products */;
			projectDirPath = "";
			projectRoot = "";
			targets = (
				B17C40FC2B059BF7009AA0DE /* TableStoryDemo */,
			);
		};
/* End PBXProject section */

/* Begin PBXResourcesBuildPhase section */
		B17C40FB2B059BF7009AA0DE /* Resources */ = {
			isa = PBXResourcesBuildPhase;
			buildActionMask = 2147483647;
			files = (
				B17C410D2B059BF8009AA0DE /* LaunchScreen.storyboard in Resources */,
				B17C410A2B059BF8009AA0DE /* Assets.xcassets in Resources */,
				B17C41082B059BF7009AA0DE /* Main.storyboard in Resources */,
			);
			runOnlyForDeploymentPostprocessing = 0;
		};
/* End PBXResourcesBuildPhase section */

/* Begin PBXSourcesBuildPhase section */
		B17C40F92B059BF7009AA0DE /* Sources */ = {
			isa = PBXSourcesBuildPhase;
			buildActionMask = 2147483647;
			files = (
				B17C41172B05B53D009AA0DE /* AttractionTableViewCell.swift in Sources */,
				B17C41052B059BF7009AA0DE /* ViewController.swift in Sources */,
				B17C41192B05DDBF009AA0DE /* AttractionDetailViewController.swift in Sources */,
				B17C41012B059BF7009AA0DE /* AppDelegate.swift in Sources */,
				B17C41152B059DF5009AA0DE /* AttractionTableViewController.swift in Sources */,
				B17C41032B059BF7009AA0DE /* SceneDelegate.swift in Sources */,
			);
			runOnlyForDeploymentPostprocessing = 0;
		};
/* End PBXSourcesBuildPhase section */

/* Begin PBXVariantGroup section */
		B17C41062B059BF7009AA0DE /* Main.storyboard */ = {
			isa = PBXVariantGroup;
			children = (
				B17C41072B059BF7009AA0DE /* Base */,
			);
			name = Main.storyboard;
			sourceTree = "<group>";
		};
		B17C410B2B059BF8009AA0DE /* LaunchScreen.storyboard */ = {
			isa = PBXVariantGroup;
			children = (
				B17C410C2B059BF8009AA0DE /* Base */,
			);
			name = LaunchScreen.storyboard;
			sourceTree = "<group>";
		};
/* End PBXVariantGroup section */

/* Begin XCBuildConfiguration section */
		B17C410F2B059BF8009AA0DE /* Debug */ = {
			isa = XCBuildConfiguration;
			buildSettings = {
				ALWAYS_SEARCH_USER_PATHS = NO;
				ASSETCATALOG_COMPILER_GENERATE_SWIFT_ASSET_SYMBOL_EXTENSIONS = YES;
				CLANG_ANALYZER_NONNULL = YES;
				CLANG_ANALYZER_NUMBER_OBJECT_CONVERSION = YES_AGGRESSIVE;
				CLANG_CXX_LANGUAGE_STANDARD = "gnu++20";
				CLANG_ENABLE_MODULES = YES;
				CLANG_ENABLE_OBJC_ARC = YES;
				CLANG_ENABLE_OBJC_WEAK = YES;
				CLANG_WARN_BLOCK_CAPTURE_AUTORELEASING = YES;
				CLANG_WARN_BOOL_CONVERSION = YES;
				CLANG_WARN_COMMA = YES;
				CLANG_WARN_CONSTANT_CONVERSION = YES;
				CLANG_WARN_DEPRECATED_OBJC_IMPLEMENTATIONS = YES;
				CLANG_WARN_DIRECT_OBJC_ISA_USAGE = YES_ERROR;
				CLANG_WARN_DOCUMENTATION_COMMENTS = YES;
				CLANG_WARN_EMPTY_BODY = YES;
				CLANG_WARN_ENUM_CONVERSION = YES;
				CLANG_WARN_INFINITE_RECURSION = YES;
				CLANG_WARN_INT_CONVERSION = YES;
				CLANG_WARN_NON_LITERAL_NULL_CONVERSION = YES;
				CLANG_WARN_OBJC_IMPLICIT_RETAIN_SELF = YES;
				CLANG_WARN_OBJC_LITERAL_CONVERSION = YES;
				CLANG_WARN_OBJC_ROOT_CLASS = YES_ERROR;
				CLANG_WARN_QUOTED_INCLUDE_IN_FRAMEWORK_HEADER = YES;
				CLANG_WARN_RANGE_LOOP_ANALYSIS = YES;
				CLANG_WARN_STRICT_PROTOTYPES = YES;
				CLANG_WARN_SUSPICIOUS_MOVE = YES;
				CLANG_WARN_UNGUARDED_AVAILABILITY = YES_AGGRESSIVE;
				CLANG_WARN_UNREACHABLE_CODE = YES;
				CLANG_WARN__DUPLICATE_METHOD_MATCH = YES;
				COPY_PHASE_STRIP = NO;
				DEBUG_INFORMATION_FORMAT = dwarf;
				ENABLE_STRICT_OBJC_MSGSEND = YES;
				ENABLE_TESTABILITY = YES;
				ENABLE_USER_SCRIPT_SANDBOXING = YES;
				GCC_C_LANGUAGE_STANDARD = gnu17;
				GCC_DYNAMIC_NO_PIC = NO;
				GCC_NO_COMMON_BLOCKS = YES;
				GCC_OPTIMIZATION_LEVEL = 0;
				GCC_PREPROCESSOR_DEFINITIONS = (
					"DEBUG=1",
					"$(inherited)",
				);
				GCC_WARN_64_TO_32_BIT_CONVERSION = YES;
				GCC_WARN_ABOUT_RETURN_TYPE = YES_ERROR;
				GCC_WARN_UNDECLARED_SELECTOR = YES;
				GCC_WARN_UNINITIALIZED_AUTOS = YES_AGGRESSIVE;
				GCC_WARN_UNUSED_FUNCTION = YES;
				GCC_WARN_UNUSED_VARIABLE = YES;
				IPHONEOS_DEPLOYMENT_TARGET = 17.0;
				LOCALIZATION_PREFERS_STRING_CATALOGS = YES;
				MTL_ENABLE_DEBUG_INFO = INCLUDE_SOURCE;
				MTL_FAST_MATH = YES;
				ONLY_ACTIVE_ARCH = YES;
				SDKROOT = iphoneos;
				SWIFT_ACTIVE_COMPILATION_CONDITIONS = "DEBUG $(inherited)";
				SWIFT_OPTIMIZATION_LEVEL = "-Onone";
			};
			name = Debug;
		};
		B17C41102B059BF8009AA0DE /* Release */ = {
			isa = XCBuildConfiguration;
			buildSettings = {
				ALWAYS_SEARCH_USER_PATHS = NO;
				ASSETCATALOG_COMPILER_GENERATE_SWIFT_ASSET_SYMBOL_EXTENSIONS = YES;
				CLANG_ANALYZER_NONNULL = YES;
				CLANG_ANALYZER_NUMBER_OBJECT_CONVERSION = YES_AGGRESSIVE;
				CLANG_CXX_LANGUAGE_STANDARD = "gnu++20";
				CLANG_ENABLE_MODULES = YES;
				CLANG_ENABLE_OBJC_ARC = YES;
				CLANG_ENABLE_OBJC_WEAK = YES;
				CLANG_WARN_BLOCK_CAPTURE_AUTORELEASING = YES;
				CLANG_WARN_BOOL_CONVERSION = YES;
				CLANG_WARN_COMMA = YES;
				CLANG_WARN_CONSTANT_CONVERSION = YES;
				CLANG_WARN_DEPRECATED_OBJC_IMPLEMENTATIONS = YES;
				CLANG_WARN_DIRECT_OBJC_ISA_USAGE = YES_ERROR;
				CLANG_WARN_DOCUMENTATION_COMMENTS = YES;
				CLANG_WARN_EMPTY_BODY = YES;
				CLANG_WARN_ENUM_CONVERSION = YES;
				CLANG_WARN_INFINITE_RECURSION = YES;
				CLANG_WARN_INT_CONVERSION = YES;
				CLANG_WARN_NON_LITERAL_NULL_CONVERSION = YES;
				CLANG_WARN_OBJC_IMPLICIT_RETAIN_SELF = YES;
				CLANG_WARN_OBJC_LITERAL_CONVERSION = YES;
				CLANG_WARN_OBJC_ROOT_CLASS = YES_ERROR;
				CLANG_WARN_QUOTED_INCLUDE_IN_FRAMEWORK_HEADER = YES;
				CLANG_WARN_RANGE_LOOP_ANALYSIS = YES;
				CLANG_WARN_STRICT_PROTOTYPES = YES;
				CLANG_WARN_SUSPICIOUS_MOVE = YES;
				CLANG_WARN_UNGUARDED_AVAILABILITY = YES_AGGRESSIVE;
				CLANG_WARN_UNREACHABLE_CODE = YES;
				CLANG_WARN__DUPLICATE_METHOD_MATCH = YES;
				COPY_PHASE_STRIP = NO;
				DEBUG_INFORMATION_FORMAT = "dwarf-with-dsym";
				ENABLE_NS_ASSERTIONS = NO;
				ENABLE_STRICT_OBJC_MSGSEND = YES;
				ENABLE_USER_SCRIPT_SANDBOXING = YES;
				GCC_C_LANGUAGE_STANDARD = gnu17;
				GCC_NO_COMMON_BLOCKS = YES;
				GCC_WARN_64_TO_32_BIT_CONVERSION = YES;
				GCC_WARN_ABOUT_RETURN_TYPE = YES_ERROR;
				GCC_WARN_UNDECLARED_SELECTOR = YES;
				GCC_WARN_UNINITIALIZED_AUTOS = YES_AGGRESSIVE;
				GCC_WARN_UNUSED_FUNCTION = YES;
				GCC_WARN_UNUSED_VARIABLE = YES;
				IPHONEOS_DEPLOYMENT_TARGET = 17.0;
				LOCALIZATION_PREFERS_STRING_CATALOGS = YES;
				MTL_ENABLE_DEBUG_INFO = NO;
				MTL_FAST_MATH = YES;
				SDKROOT = iphoneos;
				SWIFT_COMPILATION_MODE = wholemodule;
				VALIDATE_PRODUCT = YES;
			};
			name = Release;
		};
		B17C41122B059BF8009AA0DE /* Debug */ = {
			isa = XCBuildConfiguration;
			buildSettings = {
				ASSETCATALOG_COMPILER_APPICON_NAME = AppIcon;
				ASSETCATALOG_COMPILER_GLOBAL_ACCENT_COLOR_NAME = AccentColor;
				CODE_SIGN_STYLE = Automatic;
				CURRENT_PROJECT_VERSION = 1;
				GENERATE_INFOPLIST_FILE = YES;
				INFOPLIST_FILE = TableStoryDemo/Info.plist;
				INFOPLIST_KEY_UIApplicationSupportsIndirectInputEvents = YES;
				INFOPLIST_KEY_UILaunchStoryboardName = LaunchScreen;
				INFOPLIST_KEY_UIMainStoryboardFile = Main;
				INFOPLIST_KEY_UISupportedInterfaceOrientations_iPad = "UIInterfaceOrientationPortrait UIInterfaceOrientationPortraitUpsideDown UIInterfaceOrientationLandscapeLeft UIInterfaceOrientationLandscapeRight";
				INFOPLIST_KEY_UISupportedInterfaceOrientations_iPhone = "UIInterfaceOrientationPortrait UIInterfaceOrientationLandscapeLeft UIInterfaceOrientationLandscapeRight";
				LD_RUNPATH_SEARCH_PATHS = (
					"$(inherited)",
					"@executable_path/Frameworks",
				);
				MARKETING_VERSION = 1.0;
				PRODUCT_BUNDLE_IDENTIFIER = com.sh.TableStoryDemo;
				PRODUCT_NAME = "$(TARGET_NAME)";
				SWIFT_EMIT_LOC_STRINGS = YES;
				SWIFT_VERSION = 5.0;
				TARGETED_DEVICE_FAMILY = "1,2";
			};
			name = Debug;
		};
		B17C41132B059BF8009AA0DE /* Release */ = {
			isa = XCBuildConfiguration;
			buildSettings = {
				ASSETCATALOG_COMPILER_APPICON_NAME = AppIcon;
				ASSETCATALOG_COMPILER_GLOBAL_ACCENT_COLOR_NAME = AccentColor;
				CODE_SIGN_STYLE = Automatic;
				CURRENT_PROJECT_VERSION = 1;
				GENERATE_INFOPLIST_FILE = YES;
				INFOPLIST_FILE = TableStoryDemo/Info.plist;
				INFOPLIST_KEY_UIApplicationSupportsIndirectInputEvents = YES;
				INFOPLIST_KEY_UILaunchStoryboardName = LaunchScreen;
				INFOPLIST_KEY_UIMainStoryboardFile = Main;
				INFOPLIST_KEY_UISupportedInterfaceOrientations_iPad = "UIInterfaceOrientationPortrait UIInterfaceOrientationPortraitUpsideDown UIInterfaceOrientationLandscapeLeft UIInterfaceOrientationLandscapeRight";
				INFOPLIST_KEY_UISupportedInterfaceOrientations_iPhone = "UIInterfaceOrientationPortrait UIInterfaceOrientationLandscapeLeft UIInterfaceOrientationLandscapeRight";
				LD_RUNPATH_SEARCH_PATHS = (
					"$(inherited)",
					"@executable_path/Frameworks",
				);
				MARKETING_VERSION = 1.0;
				PRODUCT_BUNDLE_IDENTIFIER = com.sh.TableStoryDemo;
				PRODUCT_NAME = "$(TARGET_NAME)";
				SWIFT_EMIT_LOC_STRINGS = YES;
				SWIFT_VERSION = 5.0;
				TARGETED_DEVICE_FAMILY = "1,2";
			};
			name = Release;
		};
/* End XCBuildConfiguration section */

/* Begin XCConfigurationList section */
		B17C40F82B059BF7009AA0DE /* Build configuration list for PBXProject "TableStoryDemo" */ = {
			isa = XCConfigurationList;
			buildConfigurations = (
				B17C410F2B059BF8009AA0DE /* Debug */,
				B17C41102B059BF8009AA0DE /* Release */,
			);
			defaultConfigurationIsVisible = 0;
			defaultConfigurationName = Release;
		};
		B17C41112B059BF8009AA0DE /* Build configuration list for PBXNativeTarget "TableStoryDemo" */ = {
			isa = XCConfigurationList;
			buildConfigurations = (
				B17C41122B059BF8009AA0DE /* Debug */,
				B17C41132B059BF8009AA0DE /* Release */,
			);
			defaultConfigurationIsVisible = 0;
			defaultConfigurationName = Release;
		};
/* End XCConfigurationList section */
	};
	rootObject = B17C40F52B059BF7009AA0DE /* Project object */;
}
